
Microsoft Visual Studio Solution File, Format Version 12.00
# Visual Studio 15
VisualStudioVersion = 15.0.27428.2011
MinimumVisualStudioVersion = 10.0.40219.1
Project("{FAE04EC0-301F-11D3-BF4B-00C04F79EFBC}") = "ProjectManagementSystemWebPage", "ProjectManagementSystemWebPage\ProjectManagementSystemWebPage.csproj", "{BE963A40-FD8F-4270-853B-9EFFC3F0DE70}"
EndProject
Global
	GlobalSection(SolutionConfigurationPlatforms) = preSolution
		Debug|Any CPU = Debug|Any CPU
		Release|Any CPU = Release|Any CPU
	EndGlobalSection
	GlobalSection(ProjectConfigurationPlatforms) = postSolution
		{BE963A40-FD8F-4270-853B-9EFFC3F0DE70}.Debug|Any CPU.ActiveCfg = Debug|Any CPU
		{BE963A40-FD8F-4270-853B-9EFFC3F0DE70}.Debug|Any CPU.Build.0 = Debug|Any CPU
		{BE963A40-FD8F-4270-853B-9EFFC3F0DE70}.Release|Any CPU.ActiveCfg = Release|Any CPU
		{BE963A40-FD8F-4270-853B-9EFFC3F0DE70}.Release|Any CPU.Build.0 = Release|Any CPU
	EndGlobalSection
	GlobalSection(SolutionProperties) = preSolution
		HideSolutionNode = FALSE
	EndGlobalSection
	GlobalSection(ExtensibilityGlobals) = postSolution
		SolutionGuid = {21661557-04E6-4997-A33A-B096767AF5D0}
	EndGlobalSection
EndGlobal
